{
  "name": "online-polynomial-regression",
  "version": "1.0.0",
  "lockfileVersion": 1,
  "requires": true,
  "dependencies": {
    "linear-algebra": {
      "version": "3.1.4",
      "resolved": "https://registry.npmjs.org/linear-algebra/-/linear-algebra-3.1.4.tgz",
      "integrity": "sha1-5dwKtbofvSNHMgm/kj1iONt4pWs="
    },
    "online-linear-regression": {
      "version": "1.0.0",
      "resolved": "https://registry.npmjs.org/online-linear-regression/-/online-linear-regression-1.0.0.tgz",
      "integrity": "sha512-b3FDbsT2zugOHJaETasp6oW1BcoWKNHc94J1PaszpngsR1ry083WQ7tH6tMYGjF/uLPCSG5nPROZq7MWaVO6GQ==",
      "requires": {
        "linear-algebra": "3.1.4"
      }
    }
  }
}
